// !$*UTF8*$!
{
	archiveVersion = 1;
	classes = {
	};
	objectVersion = 50;
	objects = {

/* Begin PBXBuildFile section */
		16F490F020BED6150068F1FF /* AppDelegate.swift in Sources */ = {isa = PBXBuildFile; fileRef = 16F490EF20BED6150068F1FF /* AppDelegate.swift */; };
		16F490F220BED6150068F1FF /* ViewController.swift in Sources */ = {isa = PBXBuildFile; fileRef = 16F490F120BED6150068F1FF /* ViewController.swift */; };
		16F490F520BED6150068F1FF /* Main.storyboard in Resources */ = {isa = PBXBuildFile; fileRef = 16F490F320BED6150068F1FF /* Main.storyboard */; };
		16F490F720BED6170068F1FF /* Assets.xcassets in Resources */ = {isa = PBXBuildFile; fileRef = 16F490F620BED6170068F1FF /* Assets.xcassets */; };
		16F490FA20BED6170068F1FF /* LaunchScreen.storyboard in Resources */ = {isa = PBXBuildFile; fileRef = 16F490F820BED6170068F1FF /* LaunchScreen.storyboard */; };
		16F4910220BED8D00068F1FF /* CustomPin.swift in Sources */ = {isa = PBXBuildFile; fileRef = 16F4910120BED8D00068F1FF /* CustomPin.swift */; };
		16F4910520BED9740068F1FF /* MapKitView.swift in Sources */ = {isa = PBXBuildFile; fileRef = 16F4910420BED9740068F1FF /* MapKitView.swift */; };
		16F4910720BED9A60068F1FF /* Navigator.swift in Sources */ = {isa = PBXBuildFile; fileRef = 16F4910620BED9A60068F1FF /* Navigator.swift */; };
		16F4910920BEDB300068F1FF /* TransportTypes.swift in Sources */ = {isa = PBXBuildFile; fileRef = 16F4910820BEDB300068F1FF /* TransportTypes.swift */; };
		16F4910B20BEDC5E0068F1FF /* AppSettings.swift in Sources */ = {isa = PBXBuildFile; fileRef = 16F4910A20BEDC5E0068F1FF /* AppSettings.swift */; };
/* End PBXBuildFile section */

/* Begin PBXFileReference section */
		16F490EC20BED6150068F1FF /* Smoot.app */ = {isa = PBXFileReference; explicitFileType = wrapper.application; includeInIndex = 0; path = Smoot.app; sourceTree = BUILT_PRODUCTS_DIR; };
		16F490EF20BED6150068F1FF /* AppDelegate.swift */ = {isa = PBXFileReference; lastKnownFileType = sourcecode.swift; path = AppDelegate.swift; sourceTree = "<group>"; };
		16F490F120BED6150068F1FF /* ViewController.swift */ = {isa = PBXFileReference; lastKnownFileType = sourcecode.swift; path = ViewController.swift; sourceTree = "<group>"; };
		16F490F420BED6150068F1FF /* Base */ = {isa = PBXFileReference; lastKnownFileType = file.storyboard; name = Base; path = Base.lproj/Main.storyboard; sourceTree = "<group>"; };
		16F490F620BED6170068F1FF /* Assets.xcassets */ = {isa = PBXFileReference; lastKnownFileType = folder.assetcatalog; path = Assets.xcassets; sourceTree = "<group>"; };
		16F490F920BED6170068F1FF /* Base */ = {isa = PBXFileReference; lastKnownFileType = file.storyboard; name = Base; path = Base.lproj/LaunchScreen.storyboard; sourceTree = "<group>"; };
		16F490FB20BED6170068F1FF /* Info.plist */ = {isa = PBXFileReference; lastKnownFileType = text.plist.xml; path = Info.plist; sourceTree = "<group>"; };
		16F4910120BED8D00068F1FF /* CustomPin.swift */ = {isa = PBXFileReference; lastKnownFileType = sourcecode.swift; path = CustomPin.swift; sourceTree = "<group>"; };
		16F4910420BED9740068F1FF /* MapKitView.swift */ = {isa = PBXFileReference; lastKnownFileType = sourcecode.swift; path = MapKitView.swift; sourceTree = "<group>"; };
		16F4910620BED9A60068F1FF /* Navigator.swift */ = {isa = PBXFileReference; lastKnownFileType = sourcecode.swift; path = Navigator.swift; sourceTree = "<group>"; };
		16F4910820BEDB300068F1FF /* TransportTypes.swift */ = {isa = PBXFileReference; lastKnownFileType = sourcecode.swift; path = TransportTypes.swift; sourceTree = "<group>"; };
		16F4910A20BEDC5E0068F1FF /* AppSettings.swift */ = {isa = PBXFileReference; lastKnownFileType = sourcecode.swift; path = AppSettings.swift; sourceTree = "<group>"; };
/* End PBXFileReference section */

/* Begin PBXFrameworksBuildPhase section */
		16F490E920BED6150068F1FF /* Frameworks */ = {
			isa = PBXFrameworksBuildPhase;
			buildActionMask = 2147483647;
			files = (
			);
			runOnlyForDeploymentPostprocessing = 0;
		};
/* End PBXFrameworksBuildPhase section */

/* Begin PBXGroup section */
		16F490E320BED6150068F1FF = {
			isa = PBXGroup;
			children = (
				16F490EE20BED6150068F1FF /* Smoot */,
				16F490ED20BED6150068F1FF /* Products */,
			);
			sourceTree = "<group>";
		};
		16F490ED20BED6150068F1FF /* Products */ = {
			isa = PBXGroup;
			children = (
				16F490EC20BED6150068F1FF /* Smoot.app */,
			);
			name = Products;
			sourceTree = "<group>";
		};
		16F490EE20BED6150068F1FF /* Smoot */ = {
			isa = PBXGroup;
			children = (
				16F490EF20BED6150068F1FF /* AppDelegate.swift */,
				16F490F120BED6150068F1FF /* ViewController.swift */,
				16F490F320BED6150068F1FF /* Main.storyboard */,
				16F490F620BED6170068F1FF /* Assets.xcassets */,
				16F490F820BED6170068F1FF /* LaunchScreen.storyboard */,
				16F490FB20BED6170068F1FF /* Info.plist */,
				16F4910A20BEDC5E0068F1FF /* AppSettings.swift */,
				16F4910320BED8D80068F1FF /* MapKit */,
			);
			path = Smoot;
			sourceTree = "<group>";
		};
		16F4910320BED8D80068F1FF /* MapKit */ = {
			isa = PBXGroup;
			children = (
				16F4910120BED8D00068F1FF /* CustomPin.swift */,
				16F4910420BED9740068F1FF /* MapKitView.swift */,
				16F4910620BED9A60068F1FF /* Navigator.swift */,
				16F4910820BEDB300068F1FF /* TransportTypes.swift */,
			);
			path = MapKit;
			sourceTree = "<group>";
		};
/* End PBXGroup section */

/* Begin PBXNativeTarget section */
		16F490EB20BED6150068F1FF /* Smoot */ = {
			isa = PBXNativeTarget;
			buildConfigurationList = 16F490FE20BED6170068F1FF /* Build configuration list for PBXNativeTarget "Smoot" */;
			buildPhases = (
				16F490E820BED6150068F1FF /* Sources */,
				16F490E920BED6150068F1FF /* Frameworks */,
				16F490EA20BED6150068F1FF /* Resources */,
			);
			buildRules = (
			);
			dependencies = (
			);
			name = Smoot;
			productName = Smoot;
			productReference = 16F490EC20BED6150068F1FF /* Smoot.app */;
			productType = "com.apple.product-type.application";
		};
/* End PBXNativeTarget section */

/* Begin PBXProject section */
		16F490E420BED6150068F1FF /* Project object */ = {
			isa = PBXProject;
			attributes = {
				LastSwiftUpdateCheck = 0930;
				LastUpgradeCheck = 0930;
				ORGANIZATIONNAME = 73;
				TargetAttributes = {
					16F490EB20BED6150068F1FF = {
						CreatedOnToolsVersion = 9.3;
					};
				};
			};
			buildConfigurationList = 16F490E720BED6150068F1FF /* Build configuration list for PBXProject "Smoot" */;
			compatibilityVersion = "Xcode 9.3";
			developmentRegion = en;
			hasScannedForEncodings = 0;
			knownRegions = (
				en,
				Base,
			);
			mainGroup = 16F490E320BED6150068F1FF;
			productRefGroup = 16F490ED20BED6150068F1FF /* Products */;
			projectDirPath = "";
			projectRoot = "";
			targets = (
				16F490EB20BED6150068F1FF /* Smoot */,
			);
		};
/* End PBXProject section */

/* Begin PBXResourcesBuildPhase section */
		16F490EA20BED6150068F1FF /* Resources */ = {
			isa = PBXResourcesBuildPhase;
			buildActionMask = 2147483647;
			files = (
				16F490FA20BED6170068F1FF /* LaunchScreen.storyboard in Resources */,
				16F490F720BED6170068F1FF /* Assets.xcassets in Resources */,
				16F490F520BED6150068F1FF /* Main.storyboard in Resources */,
			);
			runOnlyForDeploymentPostprocessing = 0;
		};
/* End PBXResourcesBuildPhase section */

/* Begin PBXSourcesBuildPhase section */
		16F490E820BED6150068F1FF /* Sources */ = {
			isa = PBXSourcesBuildPhase;
			buildActionMask = 2147483647;
			files = (
				16F4910520BED9740068F1FF /* MapKitView.swift in Sources */,
				16F4910720BED9A60068F1FF /* Navigator.swift in Sources */,
				16F4910B20BEDC5E0068F1FF /* AppSettings.swift in Sources */,
				16F4910220BED8D00068F1FF /* CustomPin.swift in Sources */,
				16F490F220BED6150068F1FF /* ViewController.swift in Sources */,
				16F490F020BED6150068F1FF /* AppDelegate.swift in Sources */,
				16F4910920BEDB300068F1FF /* TransportTypes.swift in Sources */,
			);
			runOnlyForDeploymentPostprocessing = 0;
		};
/* End PBXSourcesBuildPhase section */

/* Begin PBXVariantGroup section */
		16F490F320BED6150068F1FF /* Main.storyboard */ = {
			isa = PBXVariantGroup;
			children = (
				16F490F420BED6150068F1FF /* Base */,
			);
			name = Main.storyboard;
			sourceTree = "<group>";
		};
		16F490F820BED6170068F1FF /* LaunchScreen.storyboard */ = {
			isa = PBXVariantGroup;
			children = (
				16F490F920BED6170068F1FF /* Base */,
			);
			name = LaunchScreen.storyboard;
			sourceTree = "<group>";
		};
/* End PBXVariantGroup section */

/* Begin XCBuildConfiguration section */
		16F490FC20BED6170068F1FF /* Debug */ = {
			isa = XCBuildConfiguration;
			buildSettings = {
				ALWAYS_SEARCH_USER_PATHS = NO;
				CLANG_ANALYZER_NONNULL = YES;
				CLANG_ANALYZER_NUMBER_OBJECT_CONVERSION = YES_AGGRESSIVE;
				CLANG_CXX_LANGUAGE_STANDARD = "gnu++14";
				CLANG_CXX_LIBRARY = "libc++";
				CLANG_ENABLE_MODULES = YES;
				CLANG_ENABLE_OBJC_ARC = YES;
				CLANG_ENABLE_OBJC_WEAK = YES;
				CLANG_WARN_BLOCK_CAPTURE_AUTORELEASING = YES;
				CLANG_WARN_BOOL_CONVERSION = YES;
				CLANG_WARN_COMMA = YES;
				CLANG_WARN_CONSTANT_CONVERSION = YES;
				CLANG_WARN_DEPRECATED_OBJC_IMPLEMENTATIONS = YES;
				CLANG_WARN_DIRECT_OBJC_ISA_USAGE = YES_ERROR;
				CLANG_WARN_DOCUMENTATION_COMMENTS = YES;
				CLANG_WARN_EMPTY_BODY = YES;
				CLANG_WARN_ENUM_CONVERSION = YES;
				CLANG_WARN_INFINITE_RECURSION = YES;
				CLANG_WARN_INT_CONVERSION = YES;
				CLANG_WARN_NON_LITERAL_NULL_CONVERSION = YES;
				CLANG_WARN_OBJC_IMPLICIT_RETAIN_SELF = YES;
				CLANG_WARN_OBJC_LITERAL_CONVERSION = YES;
				CLANG_WARN_OBJC_ROOT_CLASS = YES_ERROR;
				CLANG_WARN_RANGE_LOOP_ANALYSIS = YES;
				CLANG_WARN_STRICT_PROTOTYPES = YES;
				CLANG_WARN_SUSPICIOUS_MOVE = YES;
				CLANG_WARN_UNGUARDED_AVAILABILITY = YES_AGGRESSIVE;
				CLANG_WARN_UNREACHABLE_CODE = YES;
				CLANG_WARN__DUPLICATE_METHOD_MATCH = YES;
				CODE_SIGN_IDENTITY = "iPhone Developer";
				COPY_PHASE_STRIP = NO;
				DEBUG_INFORMATION_FORMAT = dwarf;
				ENABLE_STRICT_OBJC_MSGSEND = YES;
				ENABLE_TESTABILITY = YES;
				GCC_C_LANGUAGE_STANDARD = gnu11;
				GCC_DYNAMIC_NO_PIC = NO;
				GCC_NO_COMMON_BLOCKS = YES;
				GCC_OPTIMIZATION_LEVEL = 0;
				GCC_PREPROCESSOR_DEFINITIONS = (
					"DEBUG=1",
					"$(inherited)",
				);
				GCC_WARN_64_TO_32_BIT_CONVERSION = YES;
				GCC_WARN_ABOUT_RETURN_TYPE = YES_ERROR;
				GCC_WARN_UNDECLARED_SELECTOR = YES;
				GCC_WARN_UNINITIALIZED_AUTOS = YES_AGGRESSIVE;
				GCC_WARN_UNUSED_FUNCTION = YES;
				GCC_WARN_UNUSED_VARIABLE = YES;
				IPHONEOS_DEPLOYMENT_TARGET = 11.3;
				MTL_ENABLE_DEBUG_INFO = YES;
				ONLY_ACTIVE_ARCH = YES;
				SDKROOT = iphoneos;
				SWIFT_ACTIVE_COMPILATION_CONDITIONS = DEBUG;
				SWIFT_OPTIMIZATION_LEVEL = "-Onone";
			};
			name = Debug;
		};
		16F490FD20BED6170068F1FF /* Release */ = {
			isa = XCBuildConfiguration;
			buildSettings = {
				ALWAYS_SEARCH_USER_PATHS = NO;
				CLANG_ANALYZER_NONNULL = YES;
				CLANG_ANALYZER_NUMBER_OBJECT_CONVERSION = YES_AGGRESSIVE;
				CLANG_CXX_LANGUAGE_STANDARD = "gnu++14";
				CLANG_CXX_LIBRARY = "libc++";
				CLANG_ENABLE_MODULES = YES;
				CLANG_ENABLE_OBJC_ARC = YES;
				CLANG_ENABLE_OBJC_WEAK = YES;
				CLANG_WARN_BLOCK_CAPTURE_AUTORELEASING = YES;
				CLANG_WARN_BOOL_CONVERSION = YES;
				CLANG_WARN_COMMA = YES;
				CLANG_WARN_CONSTANT_CONVERSION = YES;
				CLANG_WARN_DEPRECATED_OBJC_IMPLEMENTATIONS = YES;
				CLANG_WARN_DIRECT_OBJC_ISA_USAGE = YES_ERROR;
				CLANG_WARN_DOCUMENTATION_COMMENTS = YES;
				CLANG_WARN_EMPTY_BODY = YES;
				CLANG_WARN_ENUM_CONVERSION = YES;
				CLANG_WARN_INFINITE_RECURSION = YES;
				CLANG_WARN_INT_CONVERSION = YES;
				CLANG_WARN_NON_LITERAL_NULL_CONVERSION = YES;
				CLANG_WARN_OBJC_IMPLICIT_RETAIN_SELF = YES;
				CLANG_WARN_OBJC_LITERAL_CONVERSION = YES;
				CLANG_WARN_OBJC_ROOT_CLASS = YES_ERROR;
				CLANG_WARN_RANGE_LOOP_ANALYSIS = YES;
				CLANG_WARN_STRICT_PROTOTYPES = YES;
				CLANG_WARN_SUSPICIOUS_MOVE = YES;
				CLANG_WARN_UNGUARDED_AVAILABILITY = YES_AGGRESSIVE;
				CLANG_WARN_UNREACHABLE_CODE = YES;
				CLANG_WARN__DUPLICATE_METHOD_MATCH = YES;
				CODE_SIGN_IDENTITY = "iPhone Developer";
				COPY_PHASE_STRIP = NO;
				DEBUG_INFORMATION_FORMAT = "dwarf-with-dsym";
				ENABLE_NS_ASSERTIONS = NO;
				ENABLE_STRICT_OBJC_MSGSEND = YES;
				GCC_C_LANGUAGE_STANDARD = gnu11;
				GCC_NO_COMMON_BLOCKS = YES;
				GCC_WARN_64_TO_32_BIT_CONVERSION = YES;
				GCC_WARN_ABOUT_RETURN_TYPE = YES_ERROR;
				GCC_WARN_UNDECLARED_SELECTOR = YES;
				GCC_WARN_UNINITIALIZED_AUTOS = YES_AGGRESSIVE;
				GCC_WARN_UNUSED_FUNCTION = YES;
				GCC_WARN_UNUSED_VARIABLE = YES;
				IPHONEOS_DEPLOYMENT_TARGET = 11.3;
				MTL_ENABLE_DEBUG_INFO = NO;
				SDKROOT = iphoneos;
				SWIFT_COMPILATION_MODE = wholemodule;
				SWIFT_OPTIMIZATION_LEVEL = "-O";
				VALIDATE_PRODUCT = YES;
			};
			name = Release;
		};
		16F490FF20BED6170068F1FF /* Debug */ = {
			isa = XCBuildConfiguration;
			buildSettings = {
				ASSETCATALOG_COMPILER_APPICON_NAME = AppIcon;
				CODE_SIGN_STYLE = Automatic;
				DEVELOPMENT_TEAM = 4365VP3HP5;
				INFOPLIST_FILE = Smoot/Info.plist;
				IPHONEOS_DEPLOYMENT_TARGET = 11.0;
				LD_RUNPATH_SEARCH_PATHS = (
					"$(inherited)",
					"@executable_path/Frameworks",
				);
				PRODUCT_BUNDLE_IDENTIFIER = lab73.Smoot;
				PRODUCT_NAME = "$(TARGET_NAME)";
				SWIFT_VERSION = 4.0;
				TARGETED_DEVICE_FAMILY = "1,2";
			};
			name = Debug;
		};
		16F4910020BED6170068F1FF /* Release */ = {
			isa = XCBuildConfiguration;
			buildSettings = {
				ASSETCATALOG_COMPILER_APPICON_NAME = AppIcon;
				CODE_SIGN_STYLE = Automatic;
				DEVELOPMENT_TEAM = 4365VP3HP5;
				INFOPLIST_FILE = Smoot/Info.plist;
				IPHONEOS_DEPLOYMENT_TARGET = 11.0;
				LD_RUNPATH_SEARCH_PATHS = (
					"$(inherited)",
					"@executable_path/Frameworks",
				);
				PRODUCT_BUNDLE_IDENTIFIER = lab73.Smoot;
				PRODUCT_NAME = "$(TARGET_NAME)";
				SWIFT_VERSION = 4.0;
				TARGETED_DEVICE_FAMILY = "1,2";
			};
			name = Release;
		};
/* End XCBuildConfiguration section */

/* Begin XCConfigurationList section */
		16F490E720BED6150068F1FF /* Build configuration list for PBXProject "Smoot" */ = {
			isa = XCConfigurationList;
			buildConfigurations = (
				16F490FC20BED6170068F1FF /* Debug */,
				16F490FD20BED6170068F1FF /* Release */,
			);
			defaultConfigurationIsVisible = 0;
			defaultConfigurationName = Release;
		};
		16F490FE20BED6170068F1FF /* Build configuration list for PBXNativeTarget "Smoot" */ = {
			isa = XCConfigurationList;
			buildConfigurations = (
				16F490FF20BED6170068F1FF /* Debug */,
				16F4910020BED6170068F1FF /* Release */,
			);
			defaultConfigurationIsVisible = 0;
			defaultConfigurationName = Release;
		};
/* End XCConfigurationList section */
	};
	rootObject = 16F490E420BED6150068F1FF /* Project object */;
}
